
Microsoft Visual Studio Solution File, Format Version 12.00
# Visual Studio 15
VisualStudioVersion = 15.0.28307.421
MinimumVisualStudioVersion = 10.0.40219.1
Project("{8BC9CEB8-8B4A-11D0-8D11-00A0C91BC942}") = "Lab4", "Lab4\Lab4.vcxproj", "{44317C6B-4752-450E-A400-C203578470E9}"
EndProject
Global
	GlobalSection(SolutionConfigurationPlatforms) = preSolution
		Debug|x64 = Debug|x64
		Debug|x86 = Debug|x86
		Release|x64 = Release|x64
		Release|x86 = Release|x86
	EndGlobalSection
	GlobalSection(ProjectConfigurationPlatforms) = postSolution
		{44317C6B-4752-450E-A400-C203578470E9}.Debug|x64.ActiveCfg = Debug|x64
		{44317C6B-4752-450E-A400-C203578470E9}.Debug|x64.Build.0 = Debug|x64
		{44317C6B-4752-450E-A400-C203578470E9}.Debug|x86.ActiveCfg = Debug|Win32
		{44317C6B-4752-450E-A400-C203578470E9}.Debug|x86.Build.0 = Debug|Win32
		{44317C6B-4752-450E-A400-C203578470E9}.Release|x64.ActiveCfg = Release|x64
		{44317C6B-4752-450E-A400-C203578470E9}.Release|x64.Build.0 = Release|x64
		{44317C6B-4752-450E-A400-C203578470E9}.Release|x86.ActiveCfg = Release|Win32
		{44317C6B-4752-450E-A400-C203578470E9}.Release|x86.Build.0 = Release|Win32
	EndGlobalSection
	GlobalSection(SolutionProperties) = preSolution
		HideSolutionNode = FALSE
	EndGlobalSection
	GlobalSection(ExtensibilityGlobals) = postSolution
		SolutionGuid = {FD828896-1EDA-45D8-8B87-F8A27471D214}
	EndGlobalSection
EndGlobal
