
Microsoft Visual Studio Solution File, Format Version 12.00
# Visual Studio 15
VisualStudioVersion = 15.0.28307.489
MinimumVisualStudioVersion = 10.0.40219.1
Project("{8BC9CEB8-8B4A-11D0-8D11-00A0C91BC942}") = "Lab5", "Lab5\Lab5.vcxproj", "{DADB79E7-AAEF-4D7E-A4C2-57A6660DD300}"
EndProject
Global
	GlobalSection(SolutionConfigurationPlatforms) = preSolution
		Debug|x64 = Debug|x64
		Debug|x86 = Debug|x86
		Release|x64 = Release|x64
		Release|x86 = Release|x86
	EndGlobalSection
	GlobalSection(ProjectConfigurationPlatforms) = postSolution
		{DADB79E7-AAEF-4D7E-A4C2-57A6660DD300}.Debug|x64.ActiveCfg = Debug|x64
		{DADB79E7-AAEF-4D7E-A4C2-57A6660DD300}.Debug|x64.Build.0 = Debug|x64
		{DADB79E7-AAEF-4D7E-A4C2-57A6660DD300}.Debug|x86.ActiveCfg = Debug|Win32
		{DADB79E7-AAEF-4D7E-A4C2-57A6660DD300}.Debug|x86.Build.0 = Debug|Win32
		{DADB79E7-AAEF-4D7E-A4C2-57A6660DD300}.Release|x64.ActiveCfg = Release|x64
		{DADB79E7-AAEF-4D7E-A4C2-57A6660DD300}.Release|x64.Build.0 = Release|x64
		{DADB79E7-AAEF-4D7E-A4C2-57A6660DD300}.Release|x86.ActiveCfg = Release|Win32
		{DADB79E7-AAEF-4D7E-A4C2-57A6660DD300}.Release|x86.Build.0 = Release|Win32
	EndGlobalSection
	GlobalSection(SolutionProperties) = preSolution
		HideSolutionNode = FALSE
	EndGlobalSection
	GlobalSection(ExtensibilityGlobals) = postSolution
		SolutionGuid = {AAD68C17-A15E-433D-80C3-CE4CD194F83F}
	EndGlobalSection
EndGlobal
