
Microsoft Visual Studio Solution File, Format Version 12.00
# Visual Studio 15
VisualStudioVersion = 15.0.28307.329
MinimumVisualStudioVersion = 10.0.40219.1
Project("{8BC9CEB8-8B4A-11D0-8D11-00A0C91BC942}") = "Lab3", "Lab3\Lab3.vcxproj", "{723883F7-E408-4C13-89CB-DB503DC68593}"
EndProject
Global
	GlobalSection(SolutionConfigurationPlatforms) = preSolution
		Debug|x64 = Debug|x64
		Debug|x86 = Debug|x86
		Release|x64 = Release|x64
		Release|x86 = Release|x86
	EndGlobalSection
	GlobalSection(ProjectConfigurationPlatforms) = postSolution
		{723883F7-E408-4C13-89CB-DB503DC68593}.Debug|x64.ActiveCfg = Debug|x64
		{723883F7-E408-4C13-89CB-DB503DC68593}.Debug|x64.Build.0 = Debug|x64
		{723883F7-E408-4C13-89CB-DB503DC68593}.Debug|x86.ActiveCfg = Debug|Win32
		{723883F7-E408-4C13-89CB-DB503DC68593}.Debug|x86.Build.0 = Debug|Win32
		{723883F7-E408-4C13-89CB-DB503DC68593}.Release|x64.ActiveCfg = Release|x64
		{723883F7-E408-4C13-89CB-DB503DC68593}.Release|x64.Build.0 = Release|x64
		{723883F7-E408-4C13-89CB-DB503DC68593}.Release|x86.ActiveCfg = Release|Win32
		{723883F7-E408-4C13-89CB-DB503DC68593}.Release|x86.Build.0 = Release|Win32
	EndGlobalSection
	GlobalSection(SolutionProperties) = preSolution
		HideSolutionNode = FALSE
	EndGlobalSection
	GlobalSection(ExtensibilityGlobals) = postSolution
		SolutionGuid = {702B9713-F44C-403F-99A6-181CC9540226}
	EndGlobalSection
EndGlobal
